
Microsoft Visual Studio Solution File, Format Version 12.00
# Visual Studio Version 17
VisualStudioVersion = 17.1.32210.238
MinimumVisualStudioVersion = 10.0.40219.1
Project("{FAE04EC0-301F-11D3-BF4B-00C04F79EFBC}") = "TI", "TI\TI.csproj", "{67C0C730-BDC1-4084-AB83-E286A8A40AD8}"
EndProject
Global
	GlobalSection(SolutionConfigurationPlatforms) = preSolution
		Debug|Any CPU = Debug|Any CPU
		Release|Any CPU = Release|Any CPU
	EndGlobalSection
	GlobalSection(ProjectConfigurationPlatforms) = postSolution
		{67C0C730-BDC1-4084-AB83-E286A8A40AD8}.Debug|Any CPU.ActiveCfg = Debug|Any CPU
		{67C0C730-BDC1-4084-AB83-E286A8A40AD8}.Debug|Any CPU.Build.0 = Debug|Any CPU
		{67C0C730-BDC1-4084-AB83-E286A8A40AD8}.Release|Any CPU.ActiveCfg = Release|Any CPU
		{67C0C730-BDC1-4084-AB83-E286A8A40AD8}.Release|Any CPU.Build.0 = Release|Any CPU
	EndGlobalSection
	GlobalSection(SolutionProperties) = preSolution
		HideSolutionNode = FALSE
	EndGlobalSection
	GlobalSection(ExtensibilityGlobals) = postSolution
		SolutionGuid = {1FF97991-6212-4658-AF2A-89404C375555}
	EndGlobalSection
EndGlobal
